GEM
  remote: https://rubygems.org/
  specs:
    action_text-trix (2.1.16)
      railties
    actioncable (8.1.2)
      actionpack (= 8.1.2)
      activesupport (= 8.1.2)
      nio4r (~> 2.0)
      websocket-driver (>= 0.6.1)
      zeitwerk (~> 2.6)
    actionmailbox (8.1.2)
      actionpack (= 8.1.2)
      activejob (= 8.1.2)
      activerecord (= 8.1.2)
      activestorage (= 8.1.2)
      activesupport (= 8.1.2)
      mail (>= 2.8.0)
    actionmailer (8.1.2)
      actionpack (= 8.1.2)
      actionview (= 8.1.2)
      activejob (= 8.1.2)
      activesupport (= 8.1.2)
      mail (>= 2.8.0)
      rails-dom-testing (~> 2.2)
    actionpack (8.1.2)
      actionview (= 8.1.2)
      activesupport (= 8.1.2)
      nokogiri (>= 1.8.5)
      rack (>= 2.2.4)
      rack-session (>= 1.0.1)
      rack-test (>= 0.6.3)
      rails-dom-testing (~> 2.2)
      rails-html-sanitizer (~> 1.6)
      useragent (~> 0.16)
    actiontext (8.1.2)
      action_text-trix (~> 2.1.15)
      actionpack (= 8.1.2)
      activerecord (= 8.1.2)
      activestorage (= 8.1.2)
      activesupport (= 8.1.2)
      globalid (>= 0.6.0)
      nokogiri (>= 1.8.5)
    actionview (8.1.2)
      activesupport (= 8.1.2)
      builder (~> 3.1)
      erubi (~> 1.11)
      rails-dom-testing (~> 2.2)
      rails-html-sanitizer (~> 1.6)
    activejob (8.1.2)
      activesupport (= 8.1.2)
      globalid (>= 0.3.6)
    activemodel (8.1.2)
      activesupport (= 8.1.2)
    activerecord (8.1.2)
      activemodel (= 8.1.2)
      activesupport (= 8.1.2)
      timeout (>= 0.4.0)
    activestorage (8.1.2)
      actionpack (= 8.1.2)
      activejob (= 8.1.2)
      activerecord (= 8.1.2)
      activesupport (= 8.1.2)
      marcel (~> 1.0)
    activesupport (8.1.2)
      base64
      bigdecimal
      concurrent-ruby (~> 1.0, >= 1.3.1)
      connection_pool (>= 2.2.5)
      drb
      i18n (>= 1.6, < 2)
      json
      logger (>= 1.4.2)
      minitest (>= 5.1)
      securerandom (>= 0.3)
      tzinfo (~> 2.0, >= 2.0.5)
      uri (>= 0.13.1)
    addressable (2.8.8)
      public_suffix (>= 2.0.2, < 8.0)
    anyway_config (2.7.2)
      ruby-next-core (~> 1.0)
    base64 (0.3.0)
    bcrypt (3.1.21)
    bigdecimal (4.0.1)
    bootsnap (1.21.1)
      msgpack (~> 1.2)
    builder (3.3.0)
    bullet (8.1.0)
      activesupport (>= 3.0.0)
      uniform_notifier (~> 1.11)
    circuitbox (2.0.0)
    concurrent-ruby (1.3.6)
    connection_pool (3.0.2)
    crack (1.0.1)
      bigdecimal
      rexml
    crass (1.0.6)
    date (3.5.1)
    debug (1.11.1)
      irb (~> 1.10)
      reline (>= 0.3.8)
    diff-lcs (1.6.2)
    docile (1.4.1)
    drb (2.2.3)
    dry-initializer (3.2.0)
    erb (6.0.1)
    erubi (1.13.1)
    factory_bot (6.5.6)
      activesupport (>= 6.1.0)
    factory_bot_rails (6.5.1)
      factory_bot (~> 6.5)
      railties (>= 6.1.0)
    faker (3.5.3)
      i18n (>= 1.8.11, < 2)
    faraday (2.14.0)
      faraday-net_http (>= 2.0, < 3.5)
      json
      logger
    faraday-net_http (3.4.2)
      net-http (~> 0.5)
    fiber-storage (1.0.1)
    globalid (1.3.0)
      activesupport (>= 6.1)
    google-protobuf (4.33.4)
      bigdecimal
      rake (>= 13)
    google-protobuf (4.33.4-aarch64-linux-gnu)
      bigdecimal
      rake (>= 13)
    google-protobuf (4.33.4-aarch64-linux-musl)
      bigdecimal
      rake (>= 13)
    google-protobuf (4.33.4-arm64-darwin)
      bigdecimal
      rake (>= 13)
    google-protobuf (4.33.4-x86_64-linux-gnu)
      bigdecimal
      rake (>= 13)
    google-protobuf (4.33.4-x86_64-linux-musl)
      bigdecimal
      rake (>= 13)
    googleapis-common-protos-types (1.22.0)
      google-protobuf (~> 4.26)
    graphql (2.5.16)
      base64
      fiber-storage
      logger
    hashdiff (1.2.1)
    i18n (1.14.8)
      concurrent-ruby (~> 1.0)
    io-console (0.8.2)
    irb (1.16.0)
      pp (>= 0.6.0)
      rdoc (>= 4.0.0)
      reline (>= 0.4.2)
    json (2.18.0)
    jwt (2.10.1)
      base64
    logger (1.7.0)
    lograge (0.14.0)
      actionpack (>= 4)
      activesupport (>= 4)
      railties (>= 4)
      request_store (~> 1.0)
    loofah (2.25.0)
      crass (~> 1.0.2)
      nokogiri (>= 1.12.0)
    mail (2.9.0)
      logger
      mini_mime (>= 0.1.1)
      net-imap
      net-pop
      net-smtp
    marcel (1.1.0)
    mini_mime (1.1.5)
    minitest (6.0.1)
      prism (~> 1.5)
    msgpack (1.8.0)
    net-http (0.9.1)
      uri (>= 0.11.1)
    net-imap (0.6.2)
      date
      net-protocol
    net-pop (0.1.2)
      net-protocol
    net-protocol (0.2.2)
      timeout
    net-smtp (0.5.1)
      net-protocol
    nio4r (2.7.5)
    nokogiri (1.19.0-aarch64-linux-gnu)
      racc (~> 1.4)
    nokogiri (1.19.0-aarch64-linux-musl)
      racc (~> 1.4)
    nokogiri (1.19.0-arm-linux-gnu)
      racc (~> 1.4)
    nokogiri (1.19.0-arm-linux-musl)
      racc (~> 1.4)
    nokogiri (1.19.0-arm64-darwin)
      racc (~> 1.4)
    nokogiri (1.19.0-x86_64-linux-gnu)
      racc (~> 1.4)
    nokogiri (1.19.0-x86_64-linux-musl)
      racc (~> 1.4)
    opentelemetry-api (1.7.0)
    opentelemetry-common (0.23.0)
      opentelemetry-api (~> 1.0)
    opentelemetry-exporter-otlp (0.31.1)
      google-protobuf (>= 3.18)
      googleapis-common-protos-types (~> 1.3)
      opentelemetry-api (~> 1.1)
      opentelemetry-common (~> 0.20)
      opentelemetry-sdk (~> 1.10)
      opentelemetry-semantic_conventions
    opentelemetry-helpers-mysql (0.4.0)
      opentelemetry-api (~> 1.7)
      opentelemetry-common (~> 0.21)
    opentelemetry-helpers-sql (0.3.0)
      opentelemetry-api (~> 1.7)
    opentelemetry-helpers-sql-processor (0.4.0)
      opentelemetry-api (~> 1.0)
      opentelemetry-common (~> 0.21)
    opentelemetry-instrumentation-action_mailer (0.6.1)
      opentelemetry-instrumentation-active_support (~> 0.10)
    opentelemetry-instrumentation-action_pack (0.15.1)
      opentelemetry-instrumentation-rack (~> 0.29)
    opentelemetry-instrumentation-action_view (0.11.2)
      opentelemetry-instrumentation-active_support (~> 0.10)
    opentelemetry-instrumentation-active_job (0.10.1)
      opentelemetry-instrumentation-base (~> 0.25)
    opentelemetry-instrumentation-active_model_serializers (0.24.0)
      opentelemetry-instrumentation-active_support (>= 0.7.0)
    opentelemetry-instrumentation-active_record (0.11.1)
      opentelemetry-instrumentation-base (~> 0.25)
    opentelemetry-instrumentation-active_storage (0.3.1)
      opentelemetry-instrumentation-active_support (~> 0.10)
    opentelemetry-instrumentation-active_support (0.10.1)
      opentelemetry-instrumentation-base (~> 0.25)
    opentelemetry-instrumentation-all (0.90.1)
      opentelemetry-instrumentation-active_model_serializers (~> 0.24.0)
      opentelemetry-instrumentation-anthropic (~> 0.3.0)
      opentelemetry-instrumentation-aws_lambda (~> 0.6.0)
      opentelemetry-instrumentation-aws_sdk (~> 0.11.0)
      opentelemetry-instrumentation-bunny (~> 0.24.0)
      opentelemetry-instrumentation-concurrent_ruby (~> 0.24.0)
      opentelemetry-instrumentation-dalli (~> 0.29.0)
      opentelemetry-instrumentation-delayed_job (~> 0.25.1)
      opentelemetry-instrumentation-ethon (~> 0.27.0)
      opentelemetry-instrumentation-excon (~> 0.27.0)
      opentelemetry-instrumentation-faraday (~> 0.31.0)
      opentelemetry-instrumentation-grape (~> 0.5.0)
      opentelemetry-instrumentation-graphql (~> 0.31.1)
      opentelemetry-instrumentation-grpc (~> 0.4.1)
      opentelemetry-instrumentation-gruf (~> 0.5.0)
      opentelemetry-instrumentation-http (~> 0.28.0)
      opentelemetry-instrumentation-http_client (~> 0.27.0)
      opentelemetry-instrumentation-httpx (~> 0.6.0)
      opentelemetry-instrumentation-koala (~> 0.23.0)
      opentelemetry-instrumentation-lmdb (~> 0.25.0)
      opentelemetry-instrumentation-mongo (~> 0.25.0)
      opentelemetry-instrumentation-mysql2 (~> 0.33.0)
      opentelemetry-instrumentation-net_http (~> 0.27.0)
      opentelemetry-instrumentation-pg (~> 0.35.0)
      opentelemetry-instrumentation-que (~> 0.12.0)
      opentelemetry-instrumentation-racecar (~> 0.6.0)
      opentelemetry-instrumentation-rack (~> 0.29.0)
      opentelemetry-instrumentation-rails (~> 0.39.1)
      opentelemetry-instrumentation-rake (~> 0.5.0)
      opentelemetry-instrumentation-rdkafka (~> 0.9.0)
      opentelemetry-instrumentation-redis (~> 0.28.0)
      opentelemetry-instrumentation-resque (~> 0.8.0)
      opentelemetry-instrumentation-restclient (~> 0.26.0)
      opentelemetry-instrumentation-ruby_kafka (~> 0.24.0)
      opentelemetry-instrumentation-sidekiq (~> 0.28.1)
      opentelemetry-instrumentation-sinatra (~> 0.28.0)
      opentelemetry-instrumentation-trilogy (~> 0.66.0)
    opentelemetry-instrumentation-anthropic (0.3.0)
      opentelemetry-instrumentation-base (~> 0.25)
    opentelemetry-instrumentation-aws_lambda (0.6.0)
      opentelemetry-instrumentation-base (~> 0.25)
    opentelemetry-instrumentation-aws_sdk (0.11.0)
      opentelemetry-instrumentation-base (~> 0.25)
    opentelemetry-instrumentation-base (0.25.0)
      opentelemetry-api (~> 1.7)
      opentelemetry-common (~> 0.21)
      opentelemetry-registry (~> 0.1)
    opentelemetry-instrumentation-bunny (0.24.0)
      opentelemetry-instrumentation-base (~> 0.25)
    opentelemetry-instrumentation-concurrent_ruby (0.24.0)
      opentelemetry-instrumentation-base (~> 0.25)
    opentelemetry-instrumentation-dalli (0.29.0)
      opentelemetry-instrumentation-base (~> 0.25)
    opentelemetry-instrumentation-delayed_job (0.25.1)
      opentelemetry-instrumentation-base (~> 0.25)
    opentelemetry-instrumentation-ethon (0.27.0)
      opentelemetry-instrumentation-base (~> 0.25)
    opentelemetry-instrumentation-excon (0.27.0)
      opentelemetry-instrumentation-base (~> 0.25)
    opentelemetry-instrumentation-faraday (0.31.0)
      opentelemetry-instrumentation-base (~> 0.25)
    opentelemetry-instrumentation-grape (0.5.0)
      opentelemetry-instrumentation-rack (~> 0.29)
    opentelemetry-instrumentation-graphql (0.31.2)
      opentelemetry-instrumentation-base (~> 0.25)
    opentelemetry-instrumentation-grpc (0.4.1)
      opentelemetry-instrumentation-base (~> 0.25)
    opentelemetry-instrumentation-gruf (0.5.0)
      opentelemetry-instrumentation-base (~> 0.25)
    opentelemetry-instrumentation-http (0.28.0)
      opentelemetry-instrumentation-base (~> 0.25)
    opentelemetry-instrumentation-http_client (0.27.0)
      opentelemetry-instrumentation-base (~> 0.25)
    opentelemetry-instrumentation-httpx (0.6.0)
      opentelemetry-instrumentation-base (~> 0.25)
    opentelemetry-instrumentation-koala (0.23.0)
      opentelemetry-instrumentation-base (~> 0.25)
    opentelemetry-instrumentation-lmdb (0.25.0)
      opentelemetry-instrumentation-base (~> 0.25)
    opentelemetry-instrumentation-mongo (0.25.0)
      opentelemetry-instrumentation-base (~> 0.25)
    opentelemetry-instrumentation-mysql2 (0.33.0)
      opentelemetry-helpers-mysql
      opentelemetry-helpers-sql
      opentelemetry-helpers-sql-processor
      opentelemetry-instrumentation-base (~> 0.25)
    opentelemetry-instrumentation-net_http (0.27.0)
      opentelemetry-instrumentation-base (~> 0.25)
    opentelemetry-instrumentation-pg (0.35.0)
      opentelemetry-helpers-sql
      opentelemetry-helpers-sql-processor
      opentelemetry-instrumentation-base (~> 0.25)
    opentelemetry-instrumentation-que (0.12.0)
      opentelemetry-instrumentation-base (~> 0.25)
    opentelemetry-instrumentation-racecar (0.6.1)
      opentelemetry-instrumentation-base (~> 0.25)
    opentelemetry-instrumentation-rack (0.29.0)
      opentelemetry-instrumentation-base (~> 0.25)
    opentelemetry-instrumentation-rails (0.39.1)
      opentelemetry-instrumentation-action_mailer (~> 0.6)
      opentelemetry-instrumentation-action_pack (~> 0.15)
      opentelemetry-instrumentation-action_view (~> 0.11)
      opentelemetry-instrumentation-active_job (~> 0.10)
      opentelemetry-instrumentation-active_record (~> 0.11)
      opentelemetry-instrumentation-active_storage (~> 0.3)
      opentelemetry-instrumentation-active_support (~> 0.10)
      opentelemetry-instrumentation-concurrent_ruby (~> 0.23)
    opentelemetry-instrumentation-rake (0.5.0)
      opentelemetry-instrumentation-base (~> 0.25)
    opentelemetry-instrumentation-rdkafka (0.9.0)
      opentelemetry-instrumentation-base (~> 0.25)
    opentelemetry-instrumentation-redis (0.28.0)
      opentelemetry-instrumentation-base (~> 0.25)
    opentelemetry-instrumentation-resque (0.8.0)
      opentelemetry-instrumentation-base (~> 0.25)
    opentelemetry-instrumentation-restclient (0.26.0)
      opentelemetry-instrumentation-base (~> 0.25)
    opentelemetry-instrumentation-ruby_kafka (0.24.0)
      opentelemetry-instrumentation-base (~> 0.25)
    opentelemetry-instrumentation-sidekiq (0.28.1)
      opentelemetry-instrumentation-base (~> 0.25)
    opentelemetry-instrumentation-sinatra (0.28.0)
      opentelemetry-instrumentation-rack (~> 0.29)
    opentelemetry-instrumentation-trilogy (0.66.0)
      opentelemetry-helpers-mysql
      opentelemetry-helpers-sql
      opentelemetry-helpers-sql-processor
      opentelemetry-instrumentation-base (~> 0.25)
      opentelemetry-semantic_conventions (>= 1.8.0)
    opentelemetry-registry (0.4.0)
      opentelemetry-api (~> 1.1)
    opentelemetry-sdk (1.10.0)
      opentelemetry-api (~> 1.1)
      opentelemetry-common (~> 0.20)
      opentelemetry-registry (~> 0.2)
      opentelemetry-semantic_conventions
    opentelemetry-semantic_conventions (1.36.0)
      opentelemetry-api (~> 1.0)
    pg (1.6.3)
    pg (1.6.3-aarch64-linux)
    pg (1.6.3-aarch64-linux-musl)
    pg (1.6.3-arm64-darwin)
    pg (1.6.3-x86_64-linux)
    pg (1.6.3-x86_64-linux-musl)
    pp (0.6.3)
      prettyprint
    prettyprint (0.2.0)
    prism (1.8.0)
    prometheus-client (4.2.5)
      base64
    prometheus_exporter (2.3.1)
      webrick
    psych (5.3.1)
      date
      stringio
    public_suffix (7.0.2)
    puma (7.1.0)
      nio4r (~> 2.0)
    racc (1.8.1)
    rack (3.2.4)
    rack-attack (6.8.0)
      rack (>= 1.0, < 4)
    rack-cors (3.0.0)
      logger
      rack (>= 3.0.14)
    rack-session (2.1.1)
      base64 (>= 0.1.0)
      rack (>= 3.0.0)
    rack-test (2.2.0)
      rack (>= 1.3)
    rackup (2.3.1)
      rack (>= 3)
    rails (8.1.2)
      actioncable (= 8.1.2)
      actionmailbox (= 8.1.2)
      actionmailer (= 8.1.2)
      actionpack (= 8.1.2)
      actiontext (= 8.1.2)
      actionview (= 8.1.2)
      activejob (= 8.1.2)
      activemodel (= 8.1.2)
      activerecord (= 8.1.2)
      activestorage (= 8.1.2)
      activesupport (= 8.1.2)
      bundler (>= 1.15.0)
      railties (= 8.1.2)
    rails-dom-testing (2.3.0)
      activesupport (>= 5.0.0)
      minitest
      nokogiri (>= 1.6)
    rails-html-sanitizer (1.6.2)
      loofah (~> 2.21)
      nokogiri (>= 1.15.7, != 1.16.7, != 1.16.6, != 1.16.5, != 1.16.4, != 1.16.3, != 1.16.2, != 1.16.1, != 1.16.0.rc1, != 1.16.0)
    railties (8.1.2)
      actionpack (= 8.1.2)
      activesupport (= 8.1.2)
      irb (~> 1.13)
      rackup (>= 1.0.0)
      rake (>= 12.2)
      thor (~> 1.0, >= 1.2.2)
      tsort (>= 0.2)
      zeitwerk (~> 2.6)
    rake (13.3.1)
    rdoc (7.1.0)
      erb
      psych (>= 4.0.0)
      tsort
    reline (0.6.3)
      io-console (~> 0.5)
    request_store (1.7.0)
      rack (>= 1.4)
    rexml (3.4.4)
    rspec-core (3.13.6)
      rspec-support (~> 3.13.0)
    rspec-expectations (3.13.5)
      diff-lcs (>= 1.2.0, < 2.0)
      rspec-support (~> 3.13.0)
    rspec-mocks (3.13.7)
      diff-lcs (>= 1.2.0, < 2.0)
      rspec-support (~> 3.13.0)
    rspec-rails (8.0.2)
      actionpack (>= 7.2)
      activesupport (>= 7.2)
      railties (>= 7.2)
      rspec-core (~> 3.13)
      rspec-expectations (~> 3.13)
      rspec-mocks (~> 3.13)
      rspec-support (~> 3.13)
    rspec-support (3.13.6)
    rspec_junit_formatter (0.6.0)
      rspec-core (>= 2, < 4, != 2.12.0)
    ruby-next-core (1.2.0)
    securerandom (0.4.1)
    shoulda-matchers (7.0.1)
      activesupport (>= 7.1)
    simplecov (0.22.0)
      docile (~> 1.1)
      simplecov-html (~> 0.11)
      simplecov_json_formatter (~> 0.1)
    simplecov-html (0.13.2)
    simplecov_json_formatter (0.1.4)
    stringio (3.2.0)
    thor (1.5.0)
    thruster (0.1.17)
    timeout (0.6.0)
    tsort (0.2.0)
    tzinfo (2.0.6)
      concurrent-ruby (~> 1.0)
    uniform_notifier (1.18.0)
    uri (1.1.1)
    useragent (0.16.11)
    vcr (6.4.0)
    webmock (3.26.1)
      addressable (>= 2.8.0)
      crack (>= 0.3.2)
      hashdiff (>= 0.4.0, < 2.0.0)
    webrick (1.9.2)
    websocket-driver (0.8.0)
      base64
      websocket-extensions (>= 0.1.0)
    websocket-extensions (0.1.5)
    yabeda (0.14.0)
      anyway_config (>= 1.0, < 3)
      concurrent-ruby
      dry-initializer
    yabeda-graphql (0.3.0)
      graphql (~> 2.2)
      yabeda (~> 0.2)
    yabeda-prometheus (0.9.1)
      prometheus-client (>= 3.0, < 5.0)
      rack
      yabeda (~> 0.10)
    yabeda-puma-plugin (0.9.0)
      json
      puma
      yabeda (~> 0.5)
    yabeda-rails (0.11.0)
      activesupport
      anyway_config (>= 1.3, < 3)
      railties
      yabeda (~> 0.8)
    zeitwerk (2.7.4)

PLATFORMS
  aarch64-linux
  aarch64-linux-gnu
  aarch64-linux-musl
  arm-linux-gnu
  arm-linux-musl
  arm64-darwin-24
  x86_64-linux
  x86_64-linux-gnu
  x86_64-linux-musl

DEPENDENCIES
  bcrypt (~> 3.1.7)
  bootsnap
  bullet
  circuitbox
  debug
  factory_bot_rails
  faker
  faraday
  graphql
  jwt
  lograge
  opentelemetry-exporter-otlp
  opentelemetry-instrumentation-all
  opentelemetry-sdk
  pg (~> 1.1)
  prometheus_exporter
  puma (>= 5.0)
  rack-attack
  rack-cors
  rails (~> 8.1.2)
  rspec-rails (~> 8.0)
  rspec_junit_formatter
  shoulda-matchers
  simplecov
  thruster
  tzinfo-data
  vcr
  webmock
  yabeda
  yabeda-graphql
  yabeda-prometheus
  yabeda-puma-plugin
  yabeda-rails

CHECKSUMS
  action_text-trix (2.1.16) sha256=f645a2c21821b8449fd1d6770708f4031c91a2eedf9ef476e9be93c64e703a8a
  actioncable (8.1.2) sha256=dc31efc34cca9cdefc5c691ddb8b4b214c0ea5cd1372108cbc1377767fb91969
  actionmailbox (8.1.2) sha256=058b2fb1980e5d5a894f675475fcfa45c62631103d5a2596d9610ec81581889b
  actionmailer (8.1.2) sha256=f4c1d2060f653bfe908aa7fdc5a61c0e5279670de992146582f2e36f8b9175e9
  actionpack (8.1.2) sha256=ced74147a1f0daafaa4bab7f677513fd4d3add574c7839958f7b4f1de44f8423
  actiontext (8.1.2) sha256=0bf57da22a9c19d970779c3ce24a56be31b51c7640f2763ec64aa72e358d2d2d
  actionview (8.1.2) sha256=80455b2588911c9b72cec22d240edacb7c150e800ef2234821269b2b2c3e2e5b
  activejob (8.1.2) sha256=908dab3713b101859536375819f4156b07bdf4c232cc645e7538adb9e302f825
  activemodel (8.1.2) sha256=e21358c11ce68aed3f9838b7e464977bc007b4446c6e4059781e1d5c03bcf33e
  activerecord (8.1.2) sha256=acfbe0cadfcc50fa208011fe6f4eb01cae682ebae0ef57145ba45380c74bcc44
  activestorage (8.1.2) sha256=8a63a48c3999caeee26a59441f813f94681fc35cc41aba7ce1f836add04fba76
  activesupport (8.1.2) sha256=88842578ccd0d40f658289b0e8c842acfe9af751afee2e0744a7873f50b6fdae
  addressable (2.8.8) sha256=7c13b8f9536cf6364c03b9d417c19986019e28f7c00ac8132da4eb0fe393b057
  anyway_config (2.7.2) sha256=30f6b087c0b41afdd43fe46c81d65a16f052a8489dab453abaeb4ea67aa74bad
  base64 (0.3.0) sha256=27337aeabad6ffae05c265c450490628ef3ebd4b67be58257393227588f5a97b
  bcrypt (3.1.21) sha256=5964613d750a42c7ee5dc61f7b9336fb6caca429ba4ac9f2011609946e4a2dcf
  bigdecimal (4.0.1) sha256=8b07d3d065a9f921c80ceaea7c9d4ae596697295b584c296fe599dd0ad01c4a7
  bootsnap (1.21.1) sha256=9373acfe732da35846623c337d3481af8ce77c7b3a927fb50e9aa92b46dbc4c4
  builder (3.3.0) sha256=497918d2f9dca528fdca4b88d84e4ef4387256d984b8154e9d5d3fe5a9c8835f
  bullet (8.1.0) sha256=604b7e2636ec2137dcab3ba61a56248c39a0004a0c9405d58bad0686d23b98ff
  circuitbox (2.0.0) sha256=496e9c1e76496e1e141490085f6cdcc4a8dedc72da8361bef69d8c5423b4da14
  concurrent-ruby (1.3.6) sha256=6b56837e1e7e5292f9864f34b69c5a2cbc75c0cf5338f1ce9903d10fa762d5ab
  connection_pool (3.0.2) sha256=33fff5ba71a12d2aa26cb72b1db8bba2a1a01823559fb01d29eb74c286e62e0a
  crack (1.0.1) sha256=ff4a10390cd31d66440b7524eb1841874db86201d5b70032028553130b6d4c7e
  crass (1.0.6) sha256=dc516022a56e7b3b156099abc81b6d2b08ea1ed12676ac7a5657617f012bd45d
  date (3.5.1) sha256=750d06384d7b9c15d562c76291407d89e368dda4d4fff957eb94962d325a0dc0
  debug (1.11.1) sha256=2e0b0ac6119f2207a6f8ac7d4a73ca8eb4e440f64da0a3136c30343146e952b6
  diff-lcs (1.6.2) sha256=9ae0d2cba7d4df3075fe8cd8602a8604993efc0dfa934cff568969efb1909962
  docile (1.4.1) sha256=96159be799bfa73cdb721b840e9802126e4e03dfc26863db73647204c727f21e
  drb (2.2.3) sha256=0b00d6fdb50995fe4a45dea13663493c841112e4068656854646f418fda13373
  dry-initializer (3.2.0) sha256=37d59798f912dc0a1efe14a4db4a9306989007b302dcd5f25d0a2a20c166c4e3
  erb (6.0.1) sha256=28ecdd99c5472aebd5674d6061e3c6b0a45c049578b071e5a52c2a7f13c197e5
  erubi (1.13.1) sha256=a082103b0885dbc5ecf1172fede897f9ebdb745a4b97a5e8dc63953db1ee4ad9
  factory_bot (6.5.6) sha256=12beb373214dccc086a7a63763d6718c49769d5606f0501e0a4442676917e077
  factory_bot_rails (6.5.1) sha256=d3cc4851eae4dea8a665ec4a4516895045e710554d2b5ac9e68b94d351bc6d68
  faker (3.5.3) sha256=b961482dc0bb15ccb9a98ea7878b925669e9ae8f5e59b607da540b768137d765
  faraday (2.14.0) sha256=8699cfe5d97e55268f2596f9a9d5a43736808a943714e3d9a53e6110593941cd
  faraday-net_http (3.4.2) sha256=f147758260d3526939bf57ecf911682f94926a3666502e24c69992765875906c
  fiber-storage (1.0.1) sha256=f48e5b6d8b0be96dac486332b55cee82240057065dc761c1ea692b2e719240e1
  globalid (1.3.0) sha256=05c639ad6eb4594522a0b07983022f04aa7254626ab69445a0e493aa3786ff11
  google-protobuf (4.33.4) sha256=86921935b023ed0d872d6e84382e79016c91689be0520d614c74426778f13c16
  google-protobuf (4.33.4-aarch64-linux-gnu) sha256=7b091ec8a80520738a4dbff59458e2a7ed4304d7fc20fd779b3d019ff52fbead
  google-protobuf (4.33.4-aarch64-linux-musl) sha256=c017371e6fe8144285a3dd5d1ae2776f92892f7455bea26537f0f3072b6d894c
  google-protobuf (4.33.4-arm64-darwin) sha256=63bb57e3d7108986f961546a536adaa38bd9ab5b1ebc39a1741a16c6eba3e869
  google-protobuf (4.33.4-x86_64-linux-gnu) sha256=a8cff953d742bc804ece78bd96e82d88cf65a7d8c1910e045359e2f53074e55d
  google-protobuf (4.33.4-x86_64-linux-musl) sha256=265e6e5bbcc0ba1367268739e31c4cc84ff310b56e8d738d2a3245b5cccfc2e7
  googleapis-common-protos-types (1.22.0) sha256=f97492b77bd6da0018c860d5004f512fe7cd165554d7019a8f4df6a56fbfc4c7
  graphql (2.5.16) sha256=1c156204cf6796a6a99c48d07e2f4e6b4a861fda2cec5753e1eb1f28c6220797
  hashdiff (1.2.1) sha256=9c079dbc513dfc8833ab59c0c2d8f230fa28499cc5efb4b8dd276cf931457cd1
  i18n (1.14.8) sha256=285778639134865c5e0f6269e0b818256017e8cde89993fdfcbfb64d088824a5
  io-console (0.8.2) sha256=d6e3ae7a7cc7574f4b8893b4fca2162e57a825b223a177b7afa236c5ef9814cc
  irb (1.16.0) sha256=2abe56c9ac947cdcb2f150572904ba798c1e93c890c256f8429981a7675b0806
  json (2.18.0) sha256=b10506aee4183f5cf49e0efc48073d7b75843ce3782c68dbeb763351c08fd505
  jwt (2.10.1) sha256=e6424ae1d813f63e761a04d6284e10e7ec531d6f701917fadcd0d9b2deaf1cc5
  logger (1.7.0) sha256=196edec7cc44b66cfb40f9755ce11b392f21f7967696af15d274dde7edff0203
  lograge (0.14.0) sha256=42371a75823775f166f727639f5ddce73dd149452a55fc94b90c303213dc9ae1
  loofah (2.25.0) sha256=df5ed7ac3bac6a4ec802df3877ee5cc86d027299f8952e6243b3dac446b060e6
  mail (2.9.0) sha256=6fa6673ecd71c60c2d996260f9ee3dd387d4673b8169b502134659ece6d34941
  marcel (1.1.0) sha256=fdcfcfa33cc52e93c4308d40e4090a5d4ea279e160a7f6af988260fa970e0bee
  mini_mime (1.1.5) sha256=8681b7e2e4215f2a159f9400b5816d85e9d8c6c6b491e96a12797e798f8bccef
  minitest (6.0.1) sha256=7854c74f48e2e975969062833adc4013f249a4b212f5e7b9d5c040bf838d54bb
  msgpack (1.8.0) sha256=e64ce0212000d016809f5048b48eb3a65ffb169db22238fb4b72472fecb2d732
  net-http (0.9.1) sha256=25ba0b67c63e89df626ed8fac771d0ad24ad151a858af2cc8e6a716ca4336996
  net-imap (0.6.2) sha256=08caacad486853c61676cca0c0c47df93db02abc4a8239a8b67eb0981428acc6
  net-pop (0.1.2) sha256=848b4e982013c15b2f0382792268763b748cce91c9e91e36b0f27ed26420dff3
  net-protocol (0.2.2) sha256=aa73e0cba6a125369de9837b8d8ef82a61849360eba0521900e2c3713aa162a8
  net-smtp (0.5.1) sha256=ed96a0af63c524fceb4b29b0d352195c30d82dd916a42f03c62a3a70e5b70736
  nio4r (2.7.5) sha256=6c90168e48fb5f8e768419c93abb94ba2b892a1d0602cb06eef16d8b7df1dca1
  nokogiri (1.19.0-aarch64-linux-gnu) sha256=11a97ecc3c0e7e5edcf395720b10860ef493b768f6aa80c539573530bc933767
  nokogiri (1.19.0-aarch64-linux-musl) sha256=eb70507f5e01bc23dad9b8dbec2b36ad0e61d227b42d292835020ff754fb7ba9
  nokogiri (1.19.0-arm-linux-gnu) sha256=572a259026b2c8b7c161fdb6469fa2d0edd2b61cd599db4bbda93289abefbfe5
  nokogiri (1.19.0-arm-linux-musl) sha256=23ed90922f1a38aed555d3de4d058e90850c731c5b756d191b3dc8055948e73c
  nokogiri (1.19.0-arm64-darwin) sha256=0811dfd936d5f6dd3f6d32ef790568bf29b2b7bead9ba68866847b33c9cf5810
  nokogiri (1.19.0-x86_64-linux-gnu) sha256=f482b95c713d60031d48c44ce14562f8d2ce31e3a9e8dd0ccb131e9e5a68b58c
  nokogiri (1.19.0-x86_64-linux-musl) sha256=1c4ca6b381622420073ce6043443af1d321e8ed93cc18b08e2666e5bd02ffae4
  opentelemetry-api (1.7.0) sha256=ccfd264ea6f2db5bf4185e3c07a1297977b44a944e2ce65457c4fe63a697214f
  opentelemetry-common (0.23.0) sha256=da721190479d57bae0ad2207468f47f3e2c3b9a91024b5bc32c9d280183eb32c
  opentelemetry-exporter-otlp (0.31.1) sha256=5358be17d7849cbcc4f49e1fc24105edc780a6f96c8e57b64192ab9a8e47474a
  opentelemetry-helpers-mysql (0.4.0) sha256=d309c0b20825bdd14d4dbc75e0d3b381ffdad37d16424ceca3cb8453d9cb5a4f
  opentelemetry-helpers-sql (0.3.0) sha256=4bb08017d6a16dd41c4d1c53c7fd30f9c5bb691195d8b458933724627b3f37f9
  opentelemetry-helpers-sql-processor (0.4.0) sha256=ec238d7a2887219bd247dc31d0eb8a1a03d414a899963b68e14bb9f4d18b23f4
  opentelemetry-instrumentation-action_mailer (0.6.1) sha256=8384866bdb066ae14b9a1fe686ffaf1f23468326a35af64390c0395fcd471057
  opentelemetry-instrumentation-action_pack (0.15.1) sha256=84fade740783caeebf260aaefcbf8f1a7a4c49f946944ff520a2fb1d6b07f273
  opentelemetry-instrumentation-action_view (0.11.2) sha256=e6a099015d672dabc19993d6fca99ef1e7210361ef21549a6e2076a67719fafc
  opentelemetry-instrumentation-active_job (0.10.1) sha256=aea1311224c20d064a8f218a44299171152dc36eeb531b9eba84bed8b3942a89
  opentelemetry-instrumentation-active_model_serializers (0.24.0) sha256=8fe81e44167d17e45d9acfa588d20140c7640c323e58aca99e266de1bb3fce15
  opentelemetry-instrumentation-active_record (0.11.1) sha256=1b083f34eea0449f8d6f4370b3fb4b935757fac6e4e538e67bb98211809e7c92
  opentelemetry-instrumentation-active_storage (0.3.1) sha256=f89b0fef54921f17c0c4c38a6e0926d29afabd0ac98436fcdbb8bde85dfde89e
  opentelemetry-instrumentation-active_support (0.10.1) sha256=82ea98367158797e33c6de96581f10aa4fe8adf0ebec832dcff5fd04c59bc57d
  opentelemetry-instrumentation-all (0.90.1) sha256=7c6a1cb321fbf320618e644a2a0572881eccb7f26d27b61b7079f2dc64fc88e4
  opentelemetry-instrumentation-anthropic (0.3.0) sha256=09bd9b4ba6189389a6c0f7ba49f1d11f387d93b411ab585137a48b59925a48de
  opentelemetry-instrumentation-aws_lambda (0.6.0) sha256=1a3161393cfe9bc9eddd81a0668d076c38a0a2c3d5df40e95d02f5a8fcd3334c
  opentelemetry-instrumentation-aws_sdk (0.11.0) sha256=67a21e754ddf51e2bb8c3e46e116aa9158d8db800f34c2a9b1e0da5a6ca911e3
  opentelemetry-instrumentation-base (0.25.0) sha256=642a3a7f08354e6e969423327a4fa67ed2cca7ac6fe5ee09e55b17d1c576da27
  opentelemetry-instrumentation-bunny (0.24.0) sha256=1ec484e48a5f42a1d0c33e8e6bc7e9e78dd80f3ed9d63520b8a22ba564aa2585
  opentelemetry-instrumentation-concurrent_ruby (0.24.0) sha256=229bd8b72000c59de693609bb637b8a9114992f5e0ab03730d7fd7ef91f7d1d2
  opentelemetry-instrumentation-dalli (0.29.0) sha256=a2686650545609e8d7e281c9fd1aef529ab578ef2dcf9a6258737e4ba214bc2f
  opentelemetry-instrumentation-delayed_job (0.25.1) sha256=47f35b10d2bfd9ac7c2bbbe10dea095a2e25db2a84f5351860ead969d180c3ec
  opentelemetry-instrumentation-ethon (0.27.0) sha256=bfd2e34a5f34c7114727b0e0c9d441a1c6c7a4cceb8374d90ae9332f009f3968
  opentelemetry-instrumentation-excon (0.27.0) sha256=3d7e6e160f0328e1136646aabb23efefdb125854637d5bd57b849720f783b5bb
  opentelemetry-instrumentation-faraday (0.31.0) sha256=1c00dc96d4c18890a34a20eef27eae536bf6558965e03e254bb7b84a4f09840b
  opentelemetry-instrumentation-grape (0.5.0) sha256=b9fcbe13b015b663577b8bde5b419c297da2588d0a022f4ce40f9ffc49df7624
  opentelemetry-instrumentation-graphql (0.31.2) sha256=a4455f225427f8f9058247c8c0b351b8932567913c35ef049f7958801d401b1f
  opentelemetry-instrumentation-grpc (0.4.1) sha256=5ffa2bb1d5ec69bcd1fe23e1d8c1a563a00351ce052fe9d76885cc43f21ebc87
  opentelemetry-instrumentation-gruf (0.5.0) sha256=ee21be36e312e71b847c9a87168225625890121140a364b68d3668e0df58dacd
  opentelemetry-instrumentation-http (0.28.0) sha256=0946a9593d64740780d16e041f9441945c4970b17566ce98e1a63bd3b276cacd
  opentelemetry-instrumentation-http_client (0.27.0) sha256=6a639a21296d3b6d3934b2d5465bee5d5f9180208d0329a5bbe34b374030690e
  opentelemetry-instrumentation-httpx (0.6.0) sha256=a4ee129cb7d5ea690565585b6a5c7a1d181a1e239c5360ec4554c15ce2b3fd6d
  opentelemetry-instrumentation-koala (0.23.0) sha256=8f324b50a2a64fd4994bb2b105a4cb0c80b64ec05cf5487d2daa906c650bc6f9
  opentelemetry-instrumentation-lmdb (0.25.0) sha256=1e4d66d583ea242d4f72051062971f5af1ea353484d224abbd0aabdd1ce5f5cb
  opentelemetry-instrumentation-mongo (0.25.0) sha256=d04585669f928ea82e7c469f996061d39d8ff184278d57cf4fc77a6d607f9c7a
  opentelemetry-instrumentation-mysql2 (0.33.0) sha256=b49b7957d5eef59e046e73be3ca370518965d61495745b4cb7ece3ef5470bcf9
  opentelemetry-instrumentation-net_http (0.27.0) sha256=f7ad7c5887646a09043b5f4e73717d9a897272f8032b883b0fadffbcc27f8990
  opentelemetry-instrumentation-pg (0.35.0) sha256=65a6e78bd45282b56021f1ee1b88b9fd318abf6812c32bd740465e6b9997aad4
  opentelemetry-instrumentation-que (0.12.0) sha256=3b7a84341f6af5a04f8c57860aeba4033f87c855d40c611a2fc40dde849944fb
  opentelemetry-instrumentation-racecar (0.6.1) sha256=833f6611906fb661f577e841d4ec52549474d32b4e8edea8048162348d35b845
  opentelemetry-instrumentation-rack (0.29.0) sha256=9e2cbb8336087064cbe33b502d917d85b174162bc717efda1cfdbd182342f377
  opentelemetry-instrumentation-rails (0.39.1) sha256=7959df7895543040fbb5cd3877c37bc9f95d79ff9d7749334314c50b871ac96f
  opentelemetry-instrumentation-rake (0.5.0) sha256=fa6bd019078975ac8a67eaea06294e4fe6707e6770d8ced88d74dc573b0a01ef
  opentelemetry-instrumentation-rdkafka (0.9.0) sha256=f3beb56828c584d7d91a2c46f6e5a2ef82289b1d4445b1eb5bc13b80ab6aca89
  opentelemetry-instrumentation-redis (0.28.0) sha256=8721957d1c527dd22bd564d17f3a8db252081abb302be189511282d023693900
  opentelemetry-instrumentation-resque (0.8.0) sha256=559edde9d6273dd757ae5149ed36e26d147b63028d084121203f51c8cff805e5
  opentelemetry-instrumentation-restclient (0.26.0) sha256=5d4e9d93ef51564a1023c076e17b4ac3b42fe81003321d9fb66e44886538bdce
  opentelemetry-instrumentation-ruby_kafka (0.24.0) sha256=257e891f4ce630ba3e0669408d497b44afcc493cd49aed09343d5a51fa8952c2
  opentelemetry-instrumentation-sidekiq (0.28.1) sha256=abc85d62996a5362e7a9fd7af9f6c709d01ce04795514d12fee5126335ae97ae
  opentelemetry-instrumentation-sinatra (0.28.0) sha256=9f11d68c580a421cadd633aca1f8f92707d6b6995d48fffa045a48c187347f26
  opentelemetry-instrumentation-trilogy (0.66.0) sha256=f09dead2fc09b84e5f84a9e39bdd351486549724f47471766230774831ecbe70
  opentelemetry-registry (0.4.0) sha256=903fa6bfaa29eac1c1d73a4fdd29b850977b5353b84b8cdff11222c00ad2968f
  opentelemetry-sdk (1.10.0) sha256=43719949be8df24dcaeb86ebbf75636cda87d51a01af2729499b92a48b80521a
  opentelemetry-semantic_conventions (1.36.0) sha256=c1b1607dbc7853aac7f9e23f6e8b76969c45b07f2b812a4aa4383c19a3b0f617
  pg (1.6.3) sha256=1388d0563e13d2758c1089e35e973a3249e955c659592d10e5b77c468f628a99
  pg (1.6.3-aarch64-linux) sha256=0698ad563e02383c27510b76bf7d4cd2de19cd1d16a5013f375dd473e4be72ea
  pg (1.6.3-aarch64-linux-musl) sha256=06a75f4ea04b05140146f2a10550b8e0d9f006a79cdaf8b5b130cde40e3ecc2c
  pg (1.6.3-arm64-darwin) sha256=7240330b572e6355d7c75a7de535edb5dfcbd6295d9c7777df4d9dddfb8c0e5f
  pg (1.6.3-x86_64-linux) sha256=5d9e188c8f7a0295d162b7b88a768d8452a899977d44f3274d1946d67920ae8d
  pg (1.6.3-x86_64-linux-musl) sha256=9c9c90d98c72f78eb04c0f55e9618fe55d1512128e411035fe229ff427864009
  pp (0.6.3) sha256=2951d514450b93ccfeb1df7d021cae0da16e0a7f95ee1e2273719669d0ab9df6
  prettyprint (0.2.0) sha256=2bc9e15581a94742064a3cc8b0fb9d45aae3d03a1baa6ef80922627a0766f193
  prism (1.8.0) sha256=84453a16ef5530ea62c5f03ec16b52a459575ad4e7b9c2b360fd8ce2c39c1254
  prometheus-client (4.2.5) sha256=807bebc3e92ccd9f4d814d90be15e85338f3708d227badf80924ef3f6e7d5225
  prometheus_exporter (2.3.1) sha256=c501a7a46c3a3b515b152eecfaeffa65fd0b4c02d8e617a476c6d67a91fc6a04
  psych (5.3.1) sha256=eb7a57cef10c9d70173ff74e739d843ac3b2c019a003de48447b2963d81b1974
  public_suffix (7.0.2) sha256=9114090c8e4e7135c1fd0e7acfea33afaab38101884320c65aaa0ffb8e26a857
  puma (7.1.0) sha256=e45c10cb124f224d448c98db653a75499794edbecadc440ad616cf50f2fd49dd
  racc (1.8.1) sha256=4a7f6929691dbec8b5209a0b373bc2614882b55fc5d2e447a21aaa691303d62f
  rack (3.2.4) sha256=5d74b6f75082a643f43c1e76b419c40f0e5527fcfee1e669ac1e6b73c0ccb6f6
  rack-attack (6.8.0) sha256=f2499fdebf85bcc05573a22dff57d24305ac14ec2e4156cd3c28d47cafeeecf2
  rack-cors (3.0.0) sha256=7b95be61db39606906b61b83bd7203fa802b0ceaaad8fcb2fef39e097bf53f68
  rack-session (2.1.1) sha256=0b6dc07dea7e4b583f58a48e8b806d4c9f1c6c9214ebc202ec94562cbea2e4e9
  rack-test (2.2.0) sha256=005a36692c306ac0b4a9350355ee080fd09ddef1148a5f8b2ac636c720f5c463
  rackup (2.3.1) sha256=6c79c26753778e90983761d677a48937ee3192b3ffef6bc963c0950f94688868
  rails (8.1.2) sha256=5069061b23dfa8706b9f0159ae8b9d35727359103178a26962b868a680ba7d95
  rails-dom-testing (2.3.0) sha256=8acc7953a7b911ca44588bf08737bc16719f431a1cc3091a292bca7317925c1d
  rails-html-sanitizer (1.6.2) sha256=35fce2ca8242da8775c83b6ba9c1bcaad6751d9eb73c1abaa8403475ab89a560
  railties (8.1.2) sha256=1289ece76b4f7668fc46d07e55cc992b5b8751f2ad85548b7da351b8c59f8055
  rake (13.3.1) sha256=8c9e89d09f66a26a01264e7e3480ec0607f0c497a861ef16063604b1b08eb19c
  rdoc (7.1.0) sha256=494899df0706c178596ca6e1d50f1b7eb285a9b2aae715be5abd742734f17363
  reline (0.6.3) sha256=1198b04973565b36ec0f11542ab3f5cfeeec34823f4e54cebde90968092b1835
  request_store (1.7.0) sha256=e1b75d5346a315f452242a68c937ef8e48b215b9453a77a6c0acdca2934c88cb
  rexml (3.4.4) sha256=19e0a2c3425dfbf2d4fc1189747bdb2f849b6c5e74180401b15734bc97b5d142
  rspec-core (3.13.6) sha256=a8823c6411667b60a8bca135364351dda34cd55e44ff94c4be4633b37d828b2d
  rspec-expectations (3.13.5) sha256=33a4d3a1d95060aea4c94e9f237030a8f9eae5615e9bd85718fe3a09e4b58836
  rspec-mocks (3.13.7) sha256=0979034e64b1d7a838aaaddf12bf065ea4dc40ef3d4c39f01f93ae2c66c62b1c
  rspec-rails (8.0.2) sha256=113139a53f5d068d4f48d1c29ad5f982013ed9b0daa69d7f7b266eda5d433ace
  rspec-support (3.13.6) sha256=2e8de3702427eab064c9352fe74488cc12a1bfae887ad8b91cba480ec9f8afb2
  rspec_junit_formatter (0.6.0) sha256=40dde674e6ae4e6cc0ff560da25497677e34fefd2338cc467a8972f602b62b15
  ruby-next-core (1.2.0) sha256=f6a7d00bb5186cecbb02f7f1845a0f3a2c9788d35b6ccff5c9be3f0d46799b86
  securerandom (0.4.1) sha256=cc5193d414a4341b6e225f0cb4446aceca8e50d5e1888743fac16987638ea0b1
  shoulda-matchers (7.0.1) sha256=b4bfd8744c10e0a36c8ac1a687f921ee7e25ed529e50488d61b79a8688749c77
  simplecov (0.22.0) sha256=fe2622c7834ff23b98066bb0a854284b2729a569ac659f82621fc22ef36213a5
  simplecov-html (0.13.2) sha256=bd0b8e54e7c2d7685927e8d6286466359b6f16b18cb0df47b508e8d73c777246
  simplecov_json_formatter (0.1.4) sha256=529418fbe8de1713ac2b2d612aa3daa56d316975d307244399fa4838c601b428
  stringio (3.2.0) sha256=c37cb2e58b4ffbd33fe5cd948c05934af997b36e0b6ca6fdf43afa234cf222e1
  thor (1.5.0) sha256=e3a9e55fe857e44859ce104a84675ab6e8cd59c650a49106a05f55f136425e73
  thruster (0.1.17) sha256=6f3f1de43e22f0162d81cbc363f45ee42a1b8460213856c1a899cbf0d3297235
  timeout (0.6.0) sha256=6d722ad619f96ee383a0c557ec6eb8c4ecb08af3af62098a0be5057bf00de1af
  tsort (0.2.0) sha256=9650a793f6859a43b6641671278f79cfead60ac714148aabe4e3f0060480089f
  tzinfo (2.0.6) sha256=8daf828cc77bcf7d63b0e3bdb6caa47e2272dcfaf4fbfe46f8c3a9df087a829b
  uniform_notifier (1.18.0) sha256=4787785556f66f6418486da0f1d78b3239aaff98e2e7938fb05e2062b0ffce9d
  uri (1.1.1) sha256=379fa58d27ffb1387eaada68c749d1426738bd0f654d812fcc07e7568f5c57c6
  useragent (0.16.11) sha256=700e6413ad4bb954bb63547fa098dddf7b0ebe75b40cc6f93b8d54255b173844
  vcr (6.4.0) sha256=077ac92cc16efc5904eb90492a18153b5e6ca5398046d8a249a7c96a9ea24ae6
  webmock (3.26.1) sha256=4f696fb57c90a827c20aadb2d4f9058bbff10f7f043bd0d4c3f58791143b1cd7
  webrick (1.9.2) sha256=beb4a15fc474defed24a3bda4ffd88a490d517c9e4e6118c3edce59e45864131
  websocket-driver (0.8.0) sha256=ed0dba4b943c22f17f9a734817e808bc84cdce6a7e22045f5315aa57676d4962
  websocket-extensions (0.1.5) sha256=1c6ba63092cda343eb53fc657110c71c754c56484aad42578495227d717a8241
  yabeda (0.14.0) sha256=bc517bf22d692ebd80a29fc9fd2246c257aaf92d10b2735a775e2419351a43bf
  yabeda-graphql (0.3.0) sha256=9514f79ed635e8e61d6d462701cea6adf011e6a2be6981f1d190aa8afae3e26d
  yabeda-prometheus (0.9.1) sha256=b87d80cae8cffbeb527c25d288eafa8eed9c1fb56cf49616db5c8611768cd5fd
  yabeda-puma-plugin (0.9.0) sha256=b78673ecc7ee30bc50691ddc41b7022c1c1801843900d5101418f4a14b550bc8
  yabeda-rails (0.11.0) sha256=afa2581bd44c8f419cb3f2bbf9f6fb40f817c30476f7caf5d1c55c48d69a5b29
  zeitwerk (2.7.4) sha256=2bef90f356bdafe9a6c2bd32bcd804f83a4f9b8bc27f3600fff051eb3edcec8b

BUNDLED WITH
  4.0.3
